
Microsoft Visual Studio Solution File, Format Version 12.00
# Visual Studio Version 16
VisualStudioVersion = 16.0.30413.136
MinimumVisualStudioVersion = 10.0.40219.1
Project("{FAE04EC0-301F-11D3-BF4B-00C04F79EFBC}") = "CS Programming", "CS Programming\CS Programming.csproj", "{62AEB6D2-9CD9-418B-B6D8-5BBA517A667D}"
EndProject
Global
	GlobalSection(SolutionConfigurationPlatforms) = preSolution
		Debug|Any CPU = Debug|Any CPU
		Release|Any CPU = Release|Any CPU
	EndGlobalSection
	GlobalSection(ProjectConfigurationPlatforms) = postSolution
		{62AEB6D2-9CD9-418B-B6D8-5BBA517A667D}.Debug|Any CPU.ActiveCfg = Debug|Any CPU
		{62AEB6D2-9CD9-418B-B6D8-5BBA517A667D}.Debug|Any CPU.Build.0 = Debug|Any CPU
		{62AEB6D2-9CD9-418B-B6D8-5BBA517A667D}.Release|Any CPU.ActiveCfg = Release|Any CPU
		{62AEB6D2-9CD9-418B-B6D8-5BBA517A667D}.Release|Any CPU.Build.0 = Release|Any CPU
	EndGlobalSection
	GlobalSection(SolutionProperties) = preSolution
		HideSolutionNode = FALSE
	EndGlobalSection
	GlobalSection(ExtensibilityGlobals) = postSolution
		SolutionGuid = {B41254E7-86A6-46B5-8A54-B661C6B54DE4}
	EndGlobalSection
EndGlobal
